
Microsoft Visual Studio Solution File, Format Version 12.00
# Visual Studio Version 17
VisualStudioVersion = 17.0.32014.148
MinimumVisualStudioVersion = 10.0.40219.1
Project("{FAE04EC0-301F-11D3-BF4B-00C04F79EFBC}") = "EvotixTest", "EvotixTest.csproj", "{4C638C90-F2F0-4AF0-806E-328D81581471}"
EndProject
Global
	GlobalSection(SolutionConfigurationPlatforms) = preSolution
		Debug|Any CPU = Debug|Any CPU
		Release|Any CPU = Release|Any CPU
	EndGlobalSection
	GlobalSection(ProjectConfigurationPlatforms) = postSolution
		{4C638C90-F2F0-4AF0-806E-328D81581471}.Debug|Any CPU.ActiveCfg = Debug|Any CPU
		{4C638C90-F2F0-4AF0-806E-328D81581471}.Debug|Any CPU.Build.0 = Debug|Any CPU
		{4C638C90-F2F0-4AF0-806E-328D81581471}.Release|Any CPU.ActiveCfg = Release|Any CPU
		{4C638C90-F2F0-4AF0-806E-328D81581471}.Release|Any CPU.Build.0 = Release|Any CPU
	EndGlobalSection
	GlobalSection(SolutionProperties) = preSolution
		HideSolutionNode = FALSE
	EndGlobalSection
	GlobalSection(ExtensibilityGlobals) = postSolution
		SolutionGuid = {7B014CFD-65FD-4081-8744-1CDD3A108EB0}
	EndGlobalSection
EndGlobal
